Microsoft Visual Studio Solution File, Format Version 12.00
# Visual Studio Version 17
VisualStudioVersion = 17.5.2.0
MinimumVisualStudioVersion = 10.0.40219.1
Project("{FAE04EC0-301F-11D3-BF4B-00C04F79EFBC}") = "GirCoreBlueprint", "GirCoreBlueprint.csproj", "{E8806FBC-3034-E22A-2103-CA7F2893E58E}"
EndProject
Project("{FAE04EC0-301F-11D3-BF4B-00C04F79EFBC}") = "__APP_NAME__", "template\__APP_NAME__.csproj", "{A0E845B7-47C5-E823-2E5F-D62D1908515B}"
EndProject
Global
	GlobalSection(SolutionConfigurationPlatforms) = preSolution
		Debug|Any CPU = Debug|Any CPU
		Release|Any CPU = Release|Any CPU
	EndGlobalSection
	GlobalSection(ProjectConfigurationPlatforms) = postSolution
		{E8806FBC-3034-E22A-2103-CA7F2893E58E}.Debug|Any CPU.ActiveCfg = Debug|Any CPU
		{E8806FBC-3034-E22A-2103-CA7F2893E58E}.Debug|Any CPU.Build.0 = Debug|Any CPU
		{E8806FBC-3034-E22A-2103-CA7F2893E58E}.Release|Any CPU.ActiveCfg = Release|Any CPU
		{E8806FBC-3034-E22A-2103-CA7F2893E58E}.Release|Any CPU.Build.0 = Release|Any CPU
		{A0E845B7-47C5-E823-2E5F-D62D1908515B}.Debug|Any CPU.ActiveCfg = Debug|Any CPU
		{A0E845B7-47C5-E823-2E5F-D62D1908515B}.Debug|Any CPU.Build.0 = Debug|Any CPU
		{A0E845B7-47C5-E823-2E5F-D62D1908515B}.Release|Any CPU.ActiveCfg = Release|Any CPU
		{A0E845B7-47C5-E823-2E5F-D62D1908515B}.Release|Any CPU.Build.0 = Release|Any CPU
	EndGlobalSection
	GlobalSection(SolutionProperties) = preSolution
		HideSolutionNode = FALSE
	EndGlobalSection
	GlobalSection(ExtensibilityGlobals) = postSolution
		SolutionGuid = {4FD93E66-EA33-438D-B6E7-F687FA213ED6}
	EndGlobalSection
EndGlobal
